
Microsoft Visual Studio Solution File, Format Version 12.00
# Visual Studio 14
VisualStudioVersion = 14.0.24720.0
MinimumVisualStudioVersion = 10.0.40219.1
Project("{FAE04EC0-301F-11D3-BF4B-00C04F79EFBC}") = "JinxMaster", "JinxMaster\JinxMaster.csproj", "{6CE561E6-368D-4E58-BFBB-77F4E96EF5C5}"
EndProject
Project("{FAE04EC0-301F-11D3-BF4B-00C04F79EFBC}") = "Kindred", "KindredMaster\Kindred.csproj", "{F7C2B055-8C5E-4835-A5E3-5D11B840E106}"
EndProject
Project("{FAE04EC0-301F-11D3-BF4B-00C04F79EFBC}") = "Velkoz", "VelkozMaster\Velkoz.csproj", "{E8CDCF65-4C1D-4528-8A27-DC40ED9D2300}"
EndProject
Project("{FAE04EC0-301F-11D3-BF4B-00C04F79EFBC}") = "DebugBuddy", "DebugBuddy\DebugBuddy.csproj", "{0F8CCD39-CBE8-4BBA-BEEC-A3C9686425D7}"
EndProject
Project("{FAE04EC0-301F-11D3-BF4B-00C04F79EFBC}") = "AlistarMaster", "AlistarMaster\AlistarMaster.csproj", "{488F2B50-0418-4F38-867A-874A22AAC71B}"
EndProject
Project("{FAE04EC0-301F-11D3-BF4B-00C04F79EFBC}") = "ChogathMaster", "ChogathMaster\ChogathMaster.csproj", "{7B6CE403-E860-4655-803F-9A777AA35E75}"
EndProject
Project("{FAE04EC0-301F-11D3-BF4B-00C04F79EFBC}") = "GalioMaster", "GalioMaster\GalioMaster.csproj", "{FFEC9417-846F-4272-89BB-689D65A45057}"
EndProject
Project("{FAE04EC0-301F-11D3-BF4B-00C04F79EFBC}") = "LuxMaster", "LuxMaster\LuxMaster.csproj", "{B3C0BF76-98D3-4D1E-98F2-21B17E070793}"
EndProject
Global
	GlobalSection(SolutionConfigurationPlatforms) = preSolution
		Debug|Any CPU = Debug|Any CPU
		Release|Any CPU = Release|Any CPU
	EndGlobalSection
	GlobalSection(ProjectConfigurationPlatforms) = postSolution
		{6CE561E6-368D-4E58-BFBB-77F4E96EF5C5}.Debug|Any CPU.ActiveCfg = Debug|Any CPU
		{6CE561E6-368D-4E58-BFBB-77F4E96EF5C5}.Debug|Any CPU.Build.0 = Debug|Any CPU
		{6CE561E6-368D-4E58-BFBB-77F4E96EF5C5}.Release|Any CPU.ActiveCfg = Release|Any CPU
		{6CE561E6-368D-4E58-BFBB-77F4E96EF5C5}.Release|Any CPU.Build.0 = Release|Any CPU
		{F7C2B055-8C5E-4835-A5E3-5D11B840E106}.Debug|Any CPU.ActiveCfg = Debug|Any CPU
		{F7C2B055-8C5E-4835-A5E3-5D11B840E106}.Debug|Any CPU.Build.0 = Debug|Any CPU
		{F7C2B055-8C5E-4835-A5E3-5D11B840E106}.Release|Any CPU.ActiveCfg = Release|Any CPU
		{F7C2B055-8C5E-4835-A5E3-5D11B840E106}.Release|Any CPU.Build.0 = Release|Any CPU
		{E8CDCF65-4C1D-4528-8A27-DC40ED9D2300}.Debug|Any CPU.ActiveCfg = Debug|Any CPU
		{E8CDCF65-4C1D-4528-8A27-DC40ED9D2300}.Debug|Any CPU.Build.0 = Debug|Any CPU
		{E8CDCF65-4C1D-4528-8A27-DC40ED9D2300}.Release|Any CPU.ActiveCfg = Release|Any CPU
		{E8CDCF65-4C1D-4528-8A27-DC40ED9D2300}.Release|Any CPU.Build.0 = Release|Any CPU
		{0F8CCD39-CBE8-4BBA-BEEC-A3C9686425D7}.Debug|Any CPU.ActiveCfg = Debug|Any CPU
		{0F8CCD39-CBE8-4BBA-BEEC-A3C9686425D7}.Debug|Any CPU.Build.0 = Debug|Any CPU
		{0F8CCD39-CBE8-4BBA-BEEC-A3C9686425D7}.Release|Any CPU.ActiveCfg = Release|Any CPU
		{0F8CCD39-CBE8-4BBA-BEEC-A3C9686425D7}.Release|Any CPU.Build.0 = Release|Any CPU
		{488F2B50-0418-4F38-867A-874A22AAC71B}.Debug|Any CPU.ActiveCfg = Debug|Any CPU
		{488F2B50-0418-4F38-867A-874A22AAC71B}.Debug|Any CPU.Build.0 = Debug|Any CPU
		{488F2B50-0418-4F38-867A-874A22AAC71B}.Release|Any CPU.ActiveCfg = Release|Any CPU
		{488F2B50-0418-4F38-867A-874A22AAC71B}.Release|Any CPU.Build.0 = Release|Any CPU
		{7B6CE403-E860-4655-803F-9A777AA35E75}.Debug|Any CPU.ActiveCfg = Debug|Any CPU
		{7B6CE403-E860-4655-803F-9A777AA35E75}.Debug|Any CPU.Build.0 = Debug|Any CPU
		{7B6CE403-E860-4655-803F-9A777AA35E75}.Release|Any CPU.ActiveCfg = Release|Any CPU
		{7B6CE403-E860-4655-803F-9A777AA35E75}.Release|Any CPU.Build.0 = Release|Any CPU
		{FFEC9417-846F-4272-89BB-689D65A45057}.Debug|Any CPU.ActiveCfg = Debug|Any CPU
		{FFEC9417-846F-4272-89BB-689D65A45057}.Debug|Any CPU.Build.0 = Debug|Any CPU
		{FFEC9417-846F-4272-89BB-689D65A45057}.Release|Any CPU.ActiveCfg = Release|Any CPU
		{FFEC9417-846F-4272-89BB-689D65A45057}.Release|Any CPU.Build.0 = Release|Any CPU
		{B3C0BF76-98D3-4D1E-98F2-21B17E070793}.Debug|Any CPU.ActiveCfg = Debug|Any CPU
		{B3C0BF76-98D3-4D1E-98F2-21B17E070793}.Debug|Any CPU.Build.0 = Debug|Any CPU
		{B3C0BF76-98D3-4D1E-98F2-21B17E070793}.Release|Any CPU.ActiveCfg = Release|Any CPU
		{B3C0BF76-98D3-4D1E-98F2-21B17E070793}.Release|Any CPU.Build.0 = Release|Any CPU
	EndGlobalSection
	GlobalSection(SolutionProperties) = preSolution
		HideSolutionNode = FALSE
	EndGlobalSection
EndGlobal
